
Microsoft Visual Studio Solution File, Format Version 12.00
# Visual Studio 15
VisualStudioVersion = 15.0.28307.1000
MinimumVisualStudioVersion = 10.0.40219.1
Project("{FAE04EC0-301F-11D3-BF4B-00C04F79EFBC}") = "LoginFormApp.Android", "LoginFormApp\LoginFormApp.Android\LoginFormApp.Android.csproj", "{BB8E8E6F-F852-4439-A1B4-0D4CBC017A55}"
EndProject
Project("{FAE04EC0-301F-11D3-BF4B-00C04F79EFBC}") = "LoginFormApp.iOS", "LoginFormApp\LoginFormApp.iOS\LoginFormApp.iOS.csproj", "{AB5E073F-8C87-4DE2-A640-3E760CD6A49C}"
EndProject
Project("{FAE04EC0-301F-11D3-BF4B-00C04F79EFBC}") = "LoginFormApp.UWP", "LoginFormApp\LoginFormApp.UWP\LoginFormApp.UWP.csproj", "{94D34A59-E375-4F65-A5C0-69DA484D4900}"
EndProject
Project("{FAE04EC0-301F-11D3-BF4B-00C04F79EFBC}") = "LoginFormApp", "LoginFormApp\LoginFormApp\LoginFormApp.csproj", "{D8693EEB-9842-40DF-A62A-1BDF5FC32921}"
EndProject
Global
	GlobalSection(SolutionConfigurationPlatforms) = preSolution
		Ad-Hoc|Any CPU = Ad-Hoc|Any CPU
		Ad-Hoc|ARM = Ad-Hoc|ARM
		Ad-Hoc|iPhone = Ad-Hoc|iPhone
		Ad-Hoc|iPhoneSimulator = Ad-Hoc|iPhoneSimulator
		Ad-Hoc|x64 = Ad-Hoc|x64
		Ad-Hoc|x86 = Ad-Hoc|x86
		AppStore|Any CPU = AppStore|Any CPU
		AppStore|ARM = AppStore|ARM
		AppStore|iPhone = AppStore|iPhone
		AppStore|iPhoneSimulator = AppStore|iPhoneSimulator
		AppStore|x64 = AppStore|x64
		AppStore|x86 = AppStore|x86
		Debug|Any CPU = Debug|Any CPU
		Debug|ARM = Debug|ARM
		Debug|iPhone = Debug|iPhone
		Debug|iPhoneSimulator = Debug|iPhoneSimulator
		Debug|x64 = Debug|x64
		Debug|x86 = Debug|x86
		Release|Any CPU = Release|Any CPU
		Release|ARM = Release|ARM
		Release|iPhone = Release|iPhone
		Release|iPhoneSimulator = Release|iPhoneSimulator
		Release|x64 = Release|x64
		Release|x86 = Release|x86
	EndGlobalSection
	GlobalSection(ProjectConfigurationPlatforms) = postSolution
		{BB8E8E6F-F852-4439-A1B4-0D4CBC017A55}.Ad-Hoc|Any CPU.ActiveCfg = Release|Any CPU
		{BB8E8E6F-F852-4439-A1B4-0D4CBC017A55}.Ad-Hoc|Any CPU.Build.0 = Release|Any CPU
		{BB8E8E6F-F852-4439-A1B4-0D4CBC017A55}.Ad-Hoc|Any CPU.Deploy.0 = Release|Any CPU
		{BB8E8E6F-F852-4439-A1B4-0D4CBC017A55}.Ad-Hoc|ARM.ActiveCfg = Release|Any CPU
		{BB8E8E6F-F852-4439-A1B4-0D4CBC017A55}.Ad-Hoc|ARM.Build.0 = Release|Any CPU
		{BB8E8E6F-F852-4439-A1B4-0D4CBC017A55}.Ad-Hoc|ARM.Deploy.0 = Release|Any CPU
		{BB8E8E6F-F852-4439-A1B4-0D4CBC017A55}.Ad-Hoc|iPhone.ActiveCfg = Release|Any CPU
		{BB8E8E6F-F852-4439-A1B4-0D4CBC017A55}.Ad-Hoc|iPhone.Build.0 = Release|Any CPU
		{BB8E8E6F-F852-4439-A1B4-0D4CBC017A55}.Ad-Hoc|iPhone.Deploy.0 = Release|Any CPU
		{BB8E8E6F-F852-4439-A1B4-0D4CBC017A55}.Ad-Hoc|iPhoneSimulator.ActiveCfg = Release|Any CPU
		{BB8E8E6F-F852-4439-A1B4-0D4CBC017A55}.Ad-Hoc|iPhoneSimulator.Build.0 = Release|Any CPU
		{BB8E8E6F-F852-4439-A1B4-0D4CBC017A55}.Ad-Hoc|iPhoneSimulator.Deploy.0 = Release|Any CPU
		{BB8E8E6F-F852-4439-A1B4-0D4CBC017A55}.Ad-Hoc|x64.ActiveCfg = Release|Any CPU
		{BB8E8E6F-F852-4439-A1B4-0D4CBC017A55}.Ad-Hoc|x64.Build.0 = Release|Any CPU
		{BB8E8E6F-F852-4439-A1B4-0D4CBC017A55}.Ad-Hoc|x64.Deploy.0 = Release|Any CPU
		{BB8E8E6F-F852-4439-A1B4-0D4CBC017A55}.Ad-Hoc|x86.ActiveCfg = Release|Any CPU
		{BB8E8E6F-F852-4439-A1B4-0D4CBC017A55}.Ad-Hoc|x86.Build.0 = Release|Any CPU
		{BB8E8E6F-F852-4439-A1B4-0D4CBC017A55}.Ad-Hoc|x86.Deploy.0 = Release|Any CPU
		{BB8E8E6F-F852-4439-A1B4-0D4CBC017A55}.AppStore|Any CPU.ActiveCfg = Release|Any CPU
		{BB8E8E6F-F852-4439-A1B4-0D4CBC017A55}.AppStore|Any CPU.Build.0 = Release|Any CPU
		{BB8E8E6F-F852-4439-A1B4-0D4CBC017A55}.AppStore|Any CPU.Deploy.0 = Release|Any CPU
		{BB8E8E6F-F852-4439-A1B4-0D4CBC017A55}.AppStore|ARM.ActiveCfg = Release|Any CPU
		{BB8E8E6F-F852-4439-A1B4-0D4CBC017A55}.AppStore|ARM.Build.0 = Release|Any CPU
		{BB8E8E6F-F852-4439-A1B4-0D4CBC017A55}.AppStore|ARM.Deploy.0 = Release|Any CPU
		{BB8E8E6F-F852-4439-A1B4-0D4CBC017A55}.AppStore|iPhone.ActiveCfg = Release|Any CPU
		{BB8E8E6F-F852-4439-A1B4-0D4CBC017A55}.AppStore|iPhone.Build.0 = Release|Any CPU
		{BB8E8E6F-F852-4439-A1B4-0D4CBC017A55}.AppStore|iPhone.Deploy.0 = Release|Any CPU
		{BB8E8E6F-F852-4439-A1B4-0D4CBC017A55}.AppStore|iPhoneSimulator.ActiveCfg = Release|Any CPU
		{BB8E8E6F-F852-4439-A1B4-0D4CBC017A55}.AppStore|iPhoneSimulator.Build.0 = Release|Any CPU
		{BB8E8E6F-F852-4439-A1B4-0D4CBC017A55}.AppStore|iPhoneSimulator.Deploy.0 = Release|Any CPU
		{BB8E8E6F-F852-4439-A1B4-0D4CBC017A55}.AppStore|x64.ActiveCfg = Release|Any CPU
		{BB8E8E6F-F852-4439-A1B4-0D4CBC017A55}.AppStore|x64.Build.0 = Release|Any CPU
		{BB8E8E6F-F852-4439-A1B4-0D4CBC017A55}.AppStore|x64.Deploy.0 = Release|Any CPU
		{BB8E8E6F-F852-4439-A1B4-0D4CBC017A55}.AppStore|x86.ActiveCfg = Release|Any CPU
		{BB8E8E6F-F852-4439-A1B4-0D4CBC017A55}.AppStore|x86.Build.0 = Release|Any CPU
		{BB8E8E6F-F852-4439-A1B4-0D4CBC017A55}.AppStore|x86.Deploy.0 = Release|Any CPU
		{BB8E8E6F-F852-4439-A1B4-0D4CBC017A55}.Debug|Any CPU.ActiveCfg = Debug|Any CPU
		{BB8E8E6F-F852-4439-A1B4-0D4CBC017A55}.Debug|Any CPU.Build.0 = Debug|Any CPU
		{BB8E8E6F-F852-4439-A1B4-0D4CBC017A55}.Debug|Any CPU.Deploy.0 = Debug|Any CPU
		{BB8E8E6F-F852-4439-A1B4-0D4CBC017A55}.Debug|ARM.ActiveCfg = Debug|Any CPU
		{BB8E8E6F-F852-4439-A1B4-0D4CBC017A55}.Debug|ARM.Build.0 = Debug|Any CPU
		{BB8E8E6F-F852-4439-A1B4-0D4CBC017A55}.Debug|ARM.Deploy.0 = Debug|Any CPU
		{BB8E8E6F-F852-4439-A1B4-0D4CBC017A55}.Debug|iPhone.ActiveCfg = Debug|Any CPU
		{BB8E8E6F-F852-4439-A1B4-0D4CBC017A55}.Debug|iPhone.Build.0 = Debug|Any CPU
		{BB8E8E6F-F852-4439-A1B4-0D4CBC017A55}.Debug|iPhone.Deploy.0 = Debug|Any CPU
		{BB8E8E6F-F852-4439-A1B4-0D4CBC017A55}.Debug|iPhoneSimulator.ActiveCfg = Debug|Any CPU
		{BB8E8E6F-F852-4439-A1B4-0D4CBC017A55}.Debug|iPhoneSimulator.Build.0 = Debug|Any CPU
		{BB8E8E6F-F852-4439-A1B4-0D4CBC017A55}.Debug|iPhoneSimulator.Deploy.0 = Debug|Any CPU
		{BB8E8E6F-F852-4439-A1B4-0D4CBC017A55}.Debug|x64.ActiveCfg = Debug|Any CPU
		{BB8E8E6F-F852-4439-A1B4-0D4CBC017A55}.Debug|x64.Build.0 = Debug|Any CPU
		{BB8E8E6F-F852-4439-A1B4-0D4CBC017A55}.Debug|x64.Deploy.0 = Debug|Any CPU
		{BB8E8E6F-F852-4439-A1B4-0D4CBC017A55}.Debug|x86.ActiveCfg = Debug|Any CPU
		{BB8E8E6F-F852-4439-A1B4-0D4CBC017A55}.Debug|x86.Build.0 = Debug|Any CPU
		{BB8E8E6F-F852-4439-A1B4-0D4CBC017A55}.Debug|x86.Deploy.0 = Debug|Any CPU
		{BB8E8E6F-F852-4439-A1B4-0D4CBC017A55}.Release|Any CPU.ActiveCfg = Release|Any CPU
		{BB8E8E6F-F852-4439-A1B4-0D4CBC017A55}.Release|Any CPU.Build.0 = Release|Any CPU
		{BB8E8E6F-F852-4439-A1B4-0D4CBC017A55}.Release|Any CPU.Deploy.0 = Release|Any CPU
		{BB8E8E6F-F852-4439-A1B4-0D4CBC017A55}.Release|ARM.ActiveCfg = Release|Any CPU
		{BB8E8E6F-F852-4439-A1B4-0D4CBC017A55}.Release|ARM.Build.0 = Release|Any CPU
		{BB8E8E6F-F852-4439-A1B4-0D4CBC017A55}.Release|ARM.Deploy.0 = Release|Any CPU
		{BB8E8E6F-F852-4439-A1B4-0D4CBC017A55}.Release|iPhone.ActiveCfg = Release|Any CPU
		{BB8E8E6F-F852-4439-A1B4-0D4CBC017A55}.Release|iPhone.Build.0 = Release|Any CPU
		{BB8E8E6F-F852-4439-A1B4-0D4CBC017A55}.Release|iPhone.Deploy.0 = Release|Any CPU
		{BB8E8E6F-F852-4439-A1B4-0D4CBC017A55}.Release|iPhoneSimulator.ActiveCfg = Release|Any CPU
		{BB8E8E6F-F852-4439-A1B4-0D4CBC017A55}.Release|iPhoneSimulator.Build.0 = Release|Any CPU
		{BB8E8E6F-F852-4439-A1B4-0D4CBC017A55}.Release|iPhoneSimulator.Deploy.0 = Release|Any CPU
		{BB8E8E6F-F852-4439-A1B4-0D4CBC017A55}.Release|x64.ActiveCfg = Release|Any CPU
		{BB8E8E6F-F852-4439-A1B4-0D4CBC017A55}.Release|x64.Build.0 = Release|Any CPU
		{BB8E8E6F-F852-4439-A1B4-0D4CBC017A55}.Release|x64.Deploy.0 = Release|Any CPU
		{BB8E8E6F-F852-4439-A1B4-0D4CBC017A55}.Release|x86.ActiveCfg = Release|Any CPU
		{BB8E8E6F-F852-4439-A1B4-0D4CBC017A55}.Release|x86.Build.0 = Release|Any CPU
		{BB8E8E6F-F852-4439-A1B4-0D4CBC017A55}.Release|x86.Deploy.0 = Release|Any CPU
		{AB5E073F-8C87-4DE2-A640-3E760CD6A49C}.Ad-Hoc|Any CPU.ActiveCfg = Ad-Hoc|iPhone
		{AB5E073F-8C87-4DE2-A640-3E760CD6A49C}.Ad-Hoc|Any CPU.Build.0 = Ad-Hoc|iPhone
		{AB5E073F-8C87-4DE2-A640-3E760CD6A49C}.Ad-Hoc|Any CPU.Deploy.0 = Ad-Hoc|iPhone
		{AB5E073F-8C87-4DE2-A640-3E760CD6A49C}.Ad-Hoc|ARM.ActiveCfg = Ad-Hoc|iPhone
		{AB5E073F-8C87-4DE2-A640-3E760CD6A49C}.Ad-Hoc|ARM.Build.0 = Ad-Hoc|iPhone
		{AB5E073F-8C87-4DE2-A640-3E760CD6A49C}.Ad-Hoc|ARM.Deploy.0 = Ad-Hoc|iPhone
		{AB5E073F-8C87-4DE2-A640-3E760CD6A49C}.Ad-Hoc|iPhone.ActiveCfg = Ad-Hoc|iPhone
		{AB5E073F-8C87-4DE2-A640-3E760CD6A49C}.Ad-Hoc|iPhone.Build.0 = Ad-Hoc|iPhone
		{AB5E073F-8C87-4DE2-A640-3E760CD6A49C}.Ad-Hoc|iPhone.Deploy.0 = Ad-Hoc|iPhone
		{AB5E073F-8C87-4DE2-A640-3E760CD6A49C}.Ad-Hoc|iPhoneSimulator.ActiveCfg = Ad-Hoc|iPhoneSimulator
		{AB5E073F-8C87-4DE2-A640-3E760CD6A49C}.Ad-Hoc|iPhoneSimulator.Build.0 = Ad-Hoc|iPhoneSimulator
		{AB5E073F-8C87-4DE2-A640-3E760CD6A49C}.Ad-Hoc|iPhoneSimulator.Deploy.0 = Ad-Hoc|iPhoneSimulator
		{AB5E073F-8C87-4DE2-A640-3E760CD6A49C}.Ad-Hoc|x64.ActiveCfg = Ad-Hoc|iPhone
		{AB5E073F-8C87-4DE2-A640-3E760CD6A49C}.Ad-Hoc|x64.Build.0 = Ad-Hoc|iPhone
		{AB5E073F-8C87-4DE2-A640-3E760CD6A49C}.Ad-Hoc|x64.Deploy.0 = Ad-Hoc|iPhone
		{AB5E073F-8C87-4DE2-A640-3E760CD6A49C}.Ad-Hoc|x86.ActiveCfg = Ad-Hoc|iPhone
		{AB5E073F-8C87-4DE2-A640-3E760CD6A49C}.Ad-Hoc|x86.Build.0 = Ad-Hoc|iPhone
		{AB5E073F-8C87-4DE2-A640-3E760CD6A49C}.Ad-Hoc|x86.Deploy.0 = Ad-Hoc|iPhone
		{AB5E073F-8C87-4DE2-A640-3E760CD6A49C}.AppStore|Any CPU.ActiveCfg = AppStore|iPhone
		{AB5E073F-8C87-4DE2-A640-3E760CD6A49C}.AppStore|Any CPU.Build.0 = AppStore|iPhone
		{AB5E073F-8C87-4DE2-A640-3E760CD6A49C}.AppStore|Any CPU.Deploy.0 = AppStore|iPhone
		{AB5E073F-8C87-4DE2-A640-3E760CD6A49C}.AppStore|ARM.ActiveCfg = AppStore|iPhone
		{AB5E073F-8C87-4DE2-A640-3E760CD6A49C}.AppStore|ARM.Build.0 = AppStore|iPhone
		{AB5E073F-8C87-4DE2-A640-3E760CD6A49C}.AppStore|ARM.Deploy.0 = AppStore|iPhone
		{AB5E073F-8C87-4DE2-A640-3E760CD6A49C}.AppStore|iPhone.ActiveCfg = AppStore|iPhone
		{AB5E073F-8C87-4DE2-A640-3E760CD6A49C}.AppStore|iPhone.Build.0 = AppStore|iPhone
		{AB5E073F-8C87-4DE2-A640-3E760CD6A49C}.AppStore|iPhone.Deploy.0 = AppStore|iPhone
		{AB5E073F-8C87-4DE2-A640-3E760CD6A49C}.AppStore|iPhoneSimulator.ActiveCfg = AppStore|iPhoneSimulator
		{AB5E073F-8C87-4DE2-A640-3E760CD6A49C}.AppStore|iPhoneSimulator.Build.0 = AppStore|iPhoneSimulator
		{AB5E073F-8C87-4DE2-A640-3E760CD6A49C}.AppStore|iPhoneSimulator.Deploy.0 = AppStore|iPhoneSimulator
		{AB5E073F-8C87-4DE2-A640-3E760CD6A49C}.AppStore|x64.ActiveCfg = AppStore|iPhone
		{AB5E073F-8C87-4DE2-A640-3E760CD6A49C}.AppStore|x64.Build.0 = AppStore|iPhone
		{AB5E073F-8C87-4DE2-A640-3E760CD6A49C}.AppStore|x64.Deploy.0 = AppStore|iPhone
		{AB5E073F-8C87-4DE2-A640-3E760CD6A49C}.AppStore|x86.ActiveCfg = AppStore|iPhone
		{AB5E073F-8C87-4DE2-A640-3E760CD6A49C}.AppStore|x86.Build.0 = AppStore|iPhone
		{AB5E073F-8C87-4DE2-A640-3E760CD6A49C}.AppStore|x86.Deploy.0 = AppStore|iPhone
		{AB5E073F-8C87-4DE2-A640-3E760CD6A49C}.Debug|Any CPU.ActiveCfg = Debug|iPhoneSimulator
		{AB5E073F-8C87-4DE2-A640-3E760CD6A49C}.Debug|Any CPU.Build.0 = Debug|iPhoneSimulator
		{AB5E073F-8C87-4DE2-A640-3E760CD6A49C}.Debug|Any CPU.Deploy.0 = Debug|iPhoneSimulator
		{AB5E073F-8C87-4DE2-A640-3E760CD6A49C}.Debug|ARM.ActiveCfg = Debug|iPhone
		{AB5E073F-8C87-4DE2-A640-3E760CD6A49C}.Debug|ARM.Build.0 = Debug|iPhone
		{AB5E073F-8C87-4DE2-A640-3E760CD6A49C}.Debug|ARM.Deploy.0 = Debug|iPhone
		{AB5E073F-8C87-4DE2-A640-3E760CD6A49C}.Debug|iPhone.ActiveCfg = Debug|iPhone
		{AB5E073F-8C87-4DE2-A640-3E760CD6A49C}.Debug|iPhone.Build.0 = Debug|iPhone
		{AB5E073F-8C87-4DE2-A640-3E760CD6A49C}.Debug|iPhone.Deploy.0 = Debug|iPhone
		{AB5E073F-8C87-4DE2-A640-3E760CD6A49C}.Debug|iPhoneSimulator.ActiveCfg = Debug|iPhoneSimulator
		{AB5E073F-8C87-4DE2-A640-3E760CD6A49C}.Debug|iPhoneSimulator.Build.0 = Debug|iPhoneSimulator
		{AB5E073F-8C87-4DE2-A640-3E760CD6A49C}.Debug|iPhoneSimulator.Deploy.0 = Debug|iPhoneSimulator
		{AB5E073F-8C87-4DE2-A640-3E760CD6A49C}.Debug|x64.ActiveCfg = Debug|iPhone
		{AB5E073F-8C87-4DE2-A640-3E760CD6A49C}.Debug|x64.Build.0 = Debug|iPhone
		{AB5E073F-8C87-4DE2-A640-3E760CD6A49C}.Debug|x64.Deploy.0 = Debug|iPhone
		{AB5E073F-8C87-4DE2-A640-3E760CD6A49C}.Debug|x86.ActiveCfg = Debug|iPhone
		{AB5E073F-8C87-4DE2-A640-3E760CD6A49C}.Debug|x86.Build.0 = Debug|iPhone
		{AB5E073F-8C87-4DE2-A640-3E760CD6A49C}.Debug|x86.Deploy.0 = Debug|iPhone
		{AB5E073F-8C87-4DE2-A640-3E760CD6A49C}.Release|Any CPU.ActiveCfg = Release|iPhone
		{AB5E073F-8C87-4DE2-A640-3E760CD6A49C}.Release|Any CPU.Build.0 = Release|iPhone
		{AB5E073F-8C87-4DE2-A640-3E760CD6A49C}.Release|Any CPU.Deploy.0 = Release|iPhone
		{AB5E073F-8C87-4DE2-A640-3E760CD6A49C}.Release|ARM.ActiveCfg = Release|iPhone
		{AB5E073F-8C87-4DE2-A640-3E760CD6A49C}.Release|ARM.Build.0 = Release|iPhone
		{AB5E073F-8C87-4DE2-A640-3E760CD6A49C}.Release|ARM.Deploy.0 = Release|iPhone
		{AB5E073F-8C87-4DE2-A640-3E760CD6A49C}.Release|iPhone.ActiveCfg = Release|iPhone
		{AB5E073F-8C87-4DE2-A640-3E760CD6A49C}.Release|iPhone.Build.0 = Release|iPhone
		{AB5E073F-8C87-4DE2-A640-3E760CD6A49C}.Release|iPhone.Deploy.0 = Release|iPhone
		{AB5E073F-8C87-4DE2-A640-3E760CD6A49C}.Release|iPhoneSimulator.ActiveCfg = Release|iPhoneSimulator
		{AB5E073F-8C87-4DE2-A640-3E760CD6A49C}.Release|iPhoneSimulator.Build.0 = Release|iPhoneSimulator
		{AB5E073F-8C87-4DE2-A640-3E760CD6A49C}.Release|iPhoneSimulator.Deploy.0 = Release|iPhoneSimulator
		{AB5E073F-8C87-4DE2-A640-3E760CD6A49C}.Release|x64.ActiveCfg = Release|iPhone
		{AB5E073F-8C87-4DE2-A640-3E760CD6A49C}.Release|x64.Build.0 = Release|iPhone
		{AB5E073F-8C87-4DE2-A640-3E760CD6A49C}.Release|x64.Deploy.0 = Release|iPhone
		{AB5E073F-8C87-4DE2-A640-3E760CD6A49C}.Release|x86.ActiveCfg = Release|iPhone
		{AB5E073F-8C87-4DE2-A640-3E760CD6A49C}.Release|x86.Build.0 = Release|iPhone
		{AB5E073F-8C87-4DE2-A640-3E760CD6A49C}.Release|x86.Deploy.0 = Release|iPhone
		{94D34A59-E375-4F65-A5C0-69DA484D4900}.Ad-Hoc|Any CPU.ActiveCfg = Release|x86
		{94D34A59-E375-4F65-A5C0-69DA484D4900}.Ad-Hoc|Any CPU.Build.0 = Release|x86
		{94D34A59-E375-4F65-A5C0-69DA484D4900}.Ad-Hoc|Any CPU.Deploy.0 = Release|x86
		{94D34A59-E375-4F65-A5C0-69DA484D4900}.Ad-Hoc|ARM.ActiveCfg = Release|ARM
		{94D34A59-E375-4F65-A5C0-69DA484D4900}.Ad-Hoc|ARM.Build.0 = Release|ARM
		{94D34A59-E375-4F65-A5C0-69DA484D4900}.Ad-Hoc|ARM.Deploy.0 = Release|ARM
		{94D34A59-E375-4F65-A5C0-69DA484D4900}.Ad-Hoc|iPhone.ActiveCfg = Release|x86
		{94D34A59-E375-4F65-A5C0-69DA484D4900}.Ad-Hoc|iPhone.Build.0 = Release|x86
		{94D34A59-E375-4F65-A5C0-69DA484D4900}.Ad-Hoc|iPhone.Deploy.0 = Release|x86
		{94D34A59-E375-4F65-A5C0-69DA484D4900}.Ad-Hoc|iPhoneSimulator.ActiveCfg = Release|x86
		{94D34A59-E375-4F65-A5C0-69DA484D4900}.Ad-Hoc|iPhoneSimulator.Build.0 = Release|x86
		{94D34A59-E375-4F65-A5C0-69DA484D4900}.Ad-Hoc|iPhoneSimulator.Deploy.0 = Release|x86
		{94D34A59-E375-4F65-A5C0-69DA484D4900}.Ad-Hoc|x64.ActiveCfg = Release|x64
		{94D34A59-E375-4F65-A5C0-69DA484D4900}.Ad-Hoc|x64.Build.0 = Release|x64
		{94D34A59-E375-4F65-A5C0-69DA484D4900}.Ad-Hoc|x64.Deploy.0 = Release|x64
		{94D34A59-E375-4F65-A5C0-69DA484D4900}.Ad-Hoc|x86.ActiveCfg = Release|x86
		{94D34A59-E375-4F65-A5C0-69DA484D4900}.Ad-Hoc|x86.Build.0 = Release|x86
		{94D34A59-E375-4F65-A5C0-69DA484D4900}.Ad-Hoc|x86.Deploy.0 = Release|x86
		{94D34A59-E375-4F65-A5C0-69DA484D4900}.AppStore|Any CPU.ActiveCfg = Release|x86
		{94D34A59-E375-4F65-A5C0-69DA484D4900}.AppStore|Any CPU.Build.0 = Release|x86
		{94D34A59-E375-4F65-A5C0-69DA484D4900}.AppStore|Any CPU.Deploy.0 = Release|x86
		{94D34A59-E375-4F65-A5C0-69DA484D4900}.AppStore|ARM.ActiveCfg = Release|ARM
		{94D34A59-E375-4F65-A5C0-69DA484D4900}.AppStore|ARM.Build.0 = Release|ARM
		{94D34A59-E375-4F65-A5C0-69DA484D4900}.AppStore|ARM.Deploy.0 = Release|ARM
		{94D34A59-E375-4F65-A5C0-69DA484D4900}.AppStore|iPhone.ActiveCfg = Release|x86
		{94D34A59-E375-4F65-A5C0-69DA484D4900}.AppStore|iPhone.Build.0 = Release|x86
		{94D34A59-E375-4F65-A5C0-69DA484D4900}.AppStore|iPhone.Deploy.0 = Release|x86
		{94D34A59-E375-4F65-A5C0-69DA484D4900}.AppStore|iPhoneSimulator.ActiveCfg = Release|x86
		{94D34A59-E375-4F65-A5C0-69DA484D4900}.AppStore|iPhoneSimulator.Build.0 = Release|x86
		{94D34A59-E375-4F65-A5C0-69DA484D4900}.AppStore|iPhoneSimulator.Deploy.0 = Release|x86
		{94D34A59-E375-4F65-A5C0-69DA484D4900}.AppStore|x64.ActiveCfg = Release|x64
		{94D34A59-E375-4F65-A5C0-69DA484D4900}.AppStore|x64.Build.0 = Release|x64
		{94D34A59-E375-4F65-A5C0-69DA484D4900}.AppStore|x64.Deploy.0 = Release|x64
		{94D34A59-E375-4F65-A5C0-69DA484D4900}.AppStore|x86.ActiveCfg = Release|x86
		{94D34A59-E375-4F65-A5C0-69DA484D4900}.AppStore|x86.Build.0 = Release|x86
		{94D34A59-E375-4F65-A5C0-69DA484D4900}.AppStore|x86.Deploy.0 = Release|x86
		{94D34A59-E375-4F65-A5C0-69DA484D4900}.Debug|Any CPU.ActiveCfg = Debug|x86
		{94D34A59-E375-4F65-A5C0-69DA484D4900}.Debug|Any CPU.Build.0 = Debug|x86
		{94D34A59-E375-4F65-A5C0-69DA484D4900}.Debug|Any CPU.Deploy.0 = Debug|x86
		{94D34A59-E375-4F65-A5C0-69DA484D4900}.Debug|ARM.ActiveCfg = Debug|ARM
		{94D34A59-E375-4F65-A5C0-69DA484D4900}.Debug|ARM.Build.0 = Debug|ARM
		{94D34A59-E375-4F65-A5C0-69DA484D4900}.Debug|ARM.Deploy.0 = Debug|ARM
		{94D34A59-E375-4F65-A5C0-69DA484D4900}.Debug|iPhone.ActiveCfg = Debug|x86
		{94D34A59-E375-4F65-A5C0-69DA484D4900}.Debug|iPhone.Build.0 = Debug|x86
		{94D34A59-E375-4F65-A5C0-69DA484D4900}.Debug|iPhone.Deploy.0 = Debug|x86
		{94D34A59-E375-4F65-A5C0-69DA484D4900}.Debug|iPhoneSimulator.ActiveCfg = Debug|x86
		{94D34A59-E375-4F65-A5C0-69DA484D4900}.Debug|iPhoneSimulator.Build.0 = Debug|x86
		{94D34A59-E375-4F65-A5C0-69DA484D4900}.Debug|iPhoneSimulator.Deploy.0 = Debug|x86
		{94D34A59-E375-4F65-A5C0-69DA484D4900}.Debug|x64.ActiveCfg = Debug|x64
		{94D34A59-E375-4F65-A5C0-69DA484D4900}.Debug|x64.Build.0 = Debug|x64
		{94D34A59-E375-4F65-A5C0-69DA484D4900}.Debug|x64.Deploy.0 = Debug|x64
		{94D34A59-E375-4F65-A5C0-69DA484D4900}.Debug|x86.ActiveCfg = Debug|x86
		{94D34A59-E375-4F65-A5C0-69DA484D4900}.Debug|x86.Build.0 = Debug|x86
		{94D34A59-E375-4F65-A5C0-69DA484D4900}.Debug|x86.Deploy.0 = Debug|x86
		{94D34A59-E375-4F65-A5C0-69DA484D4900}.Release|Any CPU.ActiveCfg = Release|x86
		{94D34A59-E375-4F65-A5C0-69DA484D4900}.Release|Any CPU.Build.0 = Release|x86
		{94D34A59-E375-4F65-A5C0-69DA484D4900}.Release|Any CPU.Deploy.0 = Release|x86
		{94D34A59-E375-4F65-A5C0-69DA484D4900}.Release|ARM.ActiveCfg = Release|ARM
		{94D34A59-E375-4F65-A5C0-69DA484D4900}.Release|ARM.Build.0 = Release|ARM
		{94D34A59-E375-4F65-A5C0-69DA484D4900}.Release|ARM.Deploy.0 = Release|ARM
		{94D34A59-E375-4F65-A5C0-69DA484D4900}.Release|iPhone.ActiveCfg = Release|x86
		{94D34A59-E375-4F65-A5C0-69DA484D4900}.Release|iPhone.Build.0 = Release|x86
		{94D34A59-E375-4F65-A5C0-69DA484D4900}.Release|iPhone.Deploy.0 = Release|x86
		{94D34A59-E375-4F65-A5C0-69DA484D4900}.Release|iPhoneSimulator.ActiveCfg = Release|x86
		{94D34A59-E375-4F65-A5C0-69DA484D4900}.Release|iPhoneSimulator.Build.0 = Release|x86
		{94D34A59-E375-4F65-A5C0-69DA484D4900}.Release|iPhoneSimulator.Deploy.0 = Release|x86
		{94D34A59-E375-4F65-A5C0-69DA484D4900}.Release|x64.ActiveCfg = Release|x64
		{94D34A59-E375-4F65-A5C0-69DA484D4900}.Release|x64.Build.0 = Release|x64
		{94D34A59-E375-4F65-A5C0-69DA484D4900}.Release|x64.Deploy.0 = Release|x64
		{94D34A59-E375-4F65-A5C0-69DA484D4900}.Release|x86.ActiveCfg = Release|x86
		{94D34A59-E375-4F65-A5C0-69DA484D4900}.Release|x86.Build.0 = Release|x86
		{94D34A59-E375-4F65-A5C0-69DA484D4900}.Release|x86.Deploy.0 = Release|x86
		{D8693EEB-9842-40DF-A62A-1BDF5FC32921}.Ad-Hoc|Any CPU.ActiveCfg = Debug|Any CPU
		{D8693EEB-9842-40DF-A62A-1BDF5FC32921}.Ad-Hoc|Any CPU.Build.0 = Debug|Any CPU
		{D8693EEB-9842-40DF-A62A-1BDF5FC32921}.Ad-Hoc|Any CPU.Deploy.0 = Debug|Any CPU
		{D8693EEB-9842-40DF-A62A-1BDF5FC32921}.Ad-Hoc|ARM.ActiveCfg = Debug|Any CPU
		{D8693EEB-9842-40DF-A62A-1BDF5FC32921}.Ad-Hoc|ARM.Build.0 = Debug|Any CPU
		{D8693EEB-9842-40DF-A62A-1BDF5FC32921}.Ad-Hoc|ARM.Deploy.0 = Debug|Any CPU
		{D8693EEB-9842-40DF-A62A-1BDF5FC32921}.Ad-Hoc|iPhone.ActiveCfg = Debug|Any CPU
		{D8693EEB-9842-40DF-A62A-1BDF5FC32921}.Ad-Hoc|iPhone.Build.0 = Debug|Any CPU
		{D8693EEB-9842-40DF-A62A-1BDF5FC32921}.Ad-Hoc|iPhone.Deploy.0 = Debug|Any CPU
		{D8693EEB-9842-40DF-A62A-1BDF5FC32921}.Ad-Hoc|iPhoneSimulator.ActiveCfg = Debug|Any CPU
		{D8693EEB-9842-40DF-A62A-1BDF5FC32921}.Ad-Hoc|iPhoneSimulator.Build.0 = Debug|Any CPU
		{D8693EEB-9842-40DF-A62A-1BDF5FC32921}.Ad-Hoc|iPhoneSimulator.Deploy.0 = Debug|Any CPU
		{D8693EEB-9842-40DF-A62A-1BDF5FC32921}.Ad-Hoc|x64.ActiveCfg = Debug|Any CPU
		{D8693EEB-9842-40DF-A62A-1BDF5FC32921}.Ad-Hoc|x64.Build.0 = Debug|Any CPU
		{D8693EEB-9842-40DF-A62A-1BDF5FC32921}.Ad-Hoc|x64.Deploy.0 = Debug|Any CPU
		{D8693EEB-9842-40DF-A62A-1BDF5FC32921}.Ad-Hoc|x86.ActiveCfg = Debug|Any CPU
		{D8693EEB-9842-40DF-A62A-1BDF5FC32921}.Ad-Hoc|x86.Build.0 = Debug|Any CPU
		{D8693EEB-9842-40DF-A62A-1BDF5FC32921}.Ad-Hoc|x86.Deploy.0 = Debug|Any CPU
		{D8693EEB-9842-40DF-A62A-1BDF5FC32921}.AppStore|Any CPU.ActiveCfg = Debug|Any CPU
		{D8693EEB-9842-40DF-A62A-1BDF5FC32921}.AppStore|Any CPU.Build.0 = Debug|Any CPU
		{D8693EEB-9842-40DF-A62A-1BDF5FC32921}.AppStore|Any CPU.Deploy.0 = Debug|Any CPU
		{D8693EEB-9842-40DF-A62A-1BDF5FC32921}.AppStore|ARM.ActiveCfg = Debug|Any CPU
		{D8693EEB-9842-40DF-A62A-1BDF5FC32921}.AppStore|ARM.Build.0 = Debug|Any CPU
		{D8693EEB-9842-40DF-A62A-1BDF5FC32921}.AppStore|ARM.Deploy.0 = Debug|Any CPU
		{D8693EEB-9842-40DF-A62A-1BDF5FC32921}.AppStore|iPhone.ActiveCfg = Debug|Any CPU
		{D8693EEB-9842-40DF-A62A-1BDF5FC32921}.AppStore|iPhone.Build.0 = Debug|Any CPU
		{D8693EEB-9842-40DF-A62A-1BDF5FC32921}.AppStore|iPhone.Deploy.0 = Debug|Any CPU
		{D8693EEB-9842-40DF-A62A-1BDF5FC32921}.AppStore|iPhoneSimulator.ActiveCfg = Debug|Any CPU
		{D8693EEB-9842-40DF-A62A-1BDF5FC32921}.AppStore|iPhoneSimulator.Build.0 = Debug|Any CPU
		{D8693EEB-9842-40DF-A62A-1BDF5FC32921}.AppStore|iPhoneSimulator.Deploy.0 = Debug|Any CPU
		{D8693EEB-9842-40DF-A62A-1BDF5FC32921}.AppStore|x64.ActiveCfg = Debug|Any CPU
		{D8693EEB-9842-40DF-A62A-1BDF5FC32921}.AppStore|x64.Build.0 = Debug|Any CPU
		{D8693EEB-9842-40DF-A62A-1BDF5FC32921}.AppStore|x64.Deploy.0 = Debug|Any CPU
		{D8693EEB-9842-40DF-A62A-1BDF5FC32921}.AppStore|x86.ActiveCfg = Debug|Any CPU
		{D8693EEB-9842-40DF-A62A-1BDF5FC32921}.AppStore|x86.Build.0 = Debug|Any CPU
		{D8693EEB-9842-40DF-A62A-1BDF5FC32921}.AppStore|x86.Deploy.0 = Debug|Any CPU
		{D8693EEB-9842-40DF-A62A-1BDF5FC32921}.Debug|Any CPU.ActiveCfg = Debug|Any CPU
		{D8693EEB-9842-40DF-A62A-1BDF5FC32921}.Debug|Any CPU.Build.0 = Debug|Any CPU
		{D8693EEB-9842-40DF-A62A-1BDF5FC32921}.Debug|Any CPU.Deploy.0 = Debug|Any CPU
		{D8693EEB-9842-40DF-A62A-1BDF5FC32921}.Debug|ARM.ActiveCfg = Debug|Any CPU
		{D8693EEB-9842-40DF-A62A-1BDF5FC32921}.Debug|ARM.Build.0 = Debug|Any CPU
		{D8693EEB-9842-40DF-A62A-1BDF5FC32921}.Debug|ARM.Deploy.0 = Debug|Any CPU
		{D8693EEB-9842-40DF-A62A-1BDF5FC32921}.Debug|iPhone.ActiveCfg = Debug|Any CPU
		{D8693EEB-9842-40DF-A62A-1BDF5FC32921}.Debug|iPhone.Build.0 = Debug|Any CPU
		{D8693EEB-9842-40DF-A62A-1BDF5FC32921}.Debug|iPhone.Deploy.0 = Debug|Any CPU
		{D8693EEB-9842-40DF-A62A-1BDF5FC32921}.Debug|iPhoneSimulator.ActiveCfg = Debug|Any CPU
		{D8693EEB-9842-40DF-A62A-1BDF5FC32921}.Debug|iPhoneSimulator.Build.0 = Debug|Any CPU
		{D8693EEB-9842-40DF-A62A-1BDF5FC32921}.Debug|iPhoneSimulator.Deploy.0 = Debug|Any CPU
		{D8693EEB-9842-40DF-A62A-1BDF5FC32921}.Debug|x64.ActiveCfg = Debug|Any CPU
		{D8693EEB-9842-40DF-A62A-1BDF5FC32921}.Debug|x64.Build.0 = Debug|Any CPU
		{D8693EEB-9842-40DF-A62A-1BDF5FC32921}.Debug|x64.Deploy.0 = Debug|Any CPU
		{D8693EEB-9842-40DF-A62A-1BDF5FC32921}.Debug|x86.ActiveCfg = Debug|Any CPU
		{D8693EEB-9842-40DF-A62A-1BDF5FC32921}.Debug|x86.Build.0 = Debug|Any CPU
		{D8693EEB-9842-40DF-A62A-1BDF5FC32921}.Debug|x86.Deploy.0 = Debug|Any CPU
		{D8693EEB-9842-40DF-A62A-1BDF5FC32921}.Release|Any CPU.ActiveCfg = Release|Any CPU
		{D8693EEB-9842-40DF-A62A-1BDF5FC32921}.Release|Any CPU.Build.0 = Release|Any CPU
		{D8693EEB-9842-40DF-A62A-1BDF5FC32921}.Release|Any CPU.Deploy.0 = Release|Any CPU
		{D8693EEB-9842-40DF-A62A-1BDF5FC32921}.Release|ARM.ActiveCfg = Release|Any CPU
		{D8693EEB-9842-40DF-A62A-1BDF5FC32921}.Release|ARM.Build.0 = Release|Any CPU
		{D8693EEB-9842-40DF-A62A-1BDF5FC32921}.Release|ARM.Deploy.0 = Release|Any CPU
		{D8693EEB-9842-40DF-A62A-1BDF5FC32921}.Release|iPhone.ActiveCfg = Release|Any CPU
		{D8693EEB-9842-40DF-A62A-1BDF5FC32921}.Release|iPhone.Build.0 = Release|Any CPU
		{D8693EEB-9842-40DF-A62A-1BDF5FC32921}.Release|iPhone.Deploy.0 = Release|Any CPU
		{D8693EEB-9842-40DF-A62A-1BDF5FC32921}.Release|iPhoneSimulator.ActiveCfg = Release|Any CPU
		{D8693EEB-9842-40DF-A62A-1BDF5FC32921}.Release|iPhoneSimulator.Build.0 = Release|Any CPU
		{D8693EEB-9842-40DF-A62A-1BDF5FC32921}.Release|iPhoneSimulator.Deploy.0 = Release|Any CPU
		{D8693EEB-9842-40DF-A62A-1BDF5FC32921}.Release|x64.ActiveCfg = Release|Any CPU
		{D8693EEB-9842-40DF-A62A-1BDF5FC32921}.Release|x64.Build.0 = Release|Any CPU
		{D8693EEB-9842-40DF-A62A-1BDF5FC32921}.Release|x64.Deploy.0 = Release|Any CPU
		{D8693EEB-9842-40DF-A62A-1BDF5FC32921}.Release|x86.ActiveCfg = Release|Any CPU
		{D8693EEB-9842-40DF-A62A-1BDF5FC32921}.Release|x86.Build.0 = Release|Any CPU
		{D8693EEB-9842-40DF-A62A-1BDF5FC32921}.Release|x86.Deploy.0 = Release|Any CPU
	EndGlobalSection
	GlobalSection(SolutionProperties) = preSolution
		HideSolutionNode = FALSE
	EndGlobalSection
	GlobalSection(ExtensibilityGlobals) = postSolution
		SolutionGuid = {868293C2-E4F0-4BCF-A354-B0263DEF18C2}
	EndGlobalSection
EndGlobal
